
Microsoft Visual Studio Solution File, Format Version 12.00
# Visual Studio Express 2012 for Windows Desktop
Project("{FAE04EC0-301F-11D3-BF4B-00C04F79EFBC}") = "GetByNameLibrary", "GetByNameLibrary\GetByNameLibrary.csproj", "{88B9E614-7C33-42E2-899B-5B15BDA6692A}"
EndProject
Project("{FAE04EC0-301F-11D3-BF4B-00C04F79EFBC}") = "BLTests", "BLTests\BLTests.csproj", "{45F7A46D-9511-436B-9BA9-B69D92049CE2}"
EndProject
Global
	GlobalSection(SolutionConfigurationPlatforms) = preSolution
		Debug|Any CPU = Debug|Any CPU
		Release|Any CPU = Release|Any CPU
	EndGlobalSection
	GlobalSection(ProjectConfigurationPlatforms) = postSolution
		{88B9E614-7C33-42E2-899B-5B15BDA6692A}.Debug|Any CPU.ActiveCfg = Debug|Any CPU
		{88B9E614-7C33-42E2-899B-5B15BDA6692A}.Debug|Any CPU.Build.0 = Debug|Any CPU
		{88B9E614-7C33-42E2-899B-5B15BDA6692A}.Release|Any CPU.ActiveCfg = Release|Any CPU
		{88B9E614-7C33-42E2-899B-5B15BDA6692A}.Release|Any CPU.Build.0 = Release|Any CPU
		{45F7A46D-9511-436B-9BA9-B69D92049CE2}.Debug|Any CPU.ActiveCfg = Debug|Any CPU
		{45F7A46D-9511-436B-9BA9-B69D92049CE2}.Debug|Any CPU.Build.0 = Debug|Any CPU
		{45F7A46D-9511-436B-9BA9-B69D92049CE2}.Release|Any CPU.ActiveCfg = Release|Any CPU
		{45F7A46D-9511-436B-9BA9-B69D92049CE2}.Release|Any CPU.Build.0 = Release|Any CPU
	EndGlobalSection
	GlobalSection(SolutionProperties) = preSolution
		HideSolutionNode = FALSE
	EndGlobalSection
EndGlobal
